<?xml version="1.0" encoding="utf-8"?>
<Project ToolsVersion="4.0" xmlns="http://schemas.microsoft.com/developer/msbuild/2003">
  <ItemGroup>
    <Filter Include="소스 파일">
      <UniqueIdentifier>{4FC737F1-C7A5-4376-A066-2A32D752A2FF}</UniqueIdentifier>
      <Extensions>cpp;c;cc;cxx;c++;cppm;ixx;def;odl;idl;hpj;bat;asm;asmx</Extensions>
    </Filter>
    <Filter Include="헤더 파일">
      <UniqueIdentifier>{93995380-89BD-4b04-88EB-625FBE52EBFB}</UniqueIdentifier>
      <Extensions>h;hh;hpp;hxx;h++;hm;inl;inc;ipp;xsd</Extensions>
    </Filter>
    <Filter Include="리소스 파일">
      <UniqueIdentifier>{67DA6AB6-F800-4c08-8B7A-83BB121AAD01}</UniqueIdentifier>
      <Extensions>rc;ico;cur;bmp;dlg;rc2;rct;bin;rgs;gif;jpg;jpeg;jpe;resx;tiff;tif;png;wav;mfcribbon-ms</Extensions>
    </Filter>
    <Filter Include="SY">
      <UniqueIdentifier>{f484400e-9cb4-43ce-a7d5-2a081481c60e}</UniqueIdentifier>
    </Filter>
    <Filter Include="SY\소스 파일">
      <UniqueIdentifier>{5037cfd2-bdc7-422d-a930-a6371e400e88}</UniqueIdentifier>
    </Filter>
    <Filter Include="SY\헤더 파일">
      <UniqueIdentifier>{6a24a808-9829-4ccd-9e96-275b6cde3852}</UniqueIdentifier>
    </Filter>
    <Filter Include="HJ">
      <UniqueIdentifier>{eaa53d3b-046a-4e71-8232-1487c6347999}</UniqueIdentifier>
    </Filter>
    <Filter Include="HJ\Actor">
      <UniqueIdentifier>{a944b005-181a-493e-96b2-6b1394274c81}</UniqueIdentifier>
    </Filter>
    <Filter Include="HJ\Actor\Clone">
      <UniqueIdentifier>{b66a33cd-6922-4f3c-b7b2-412121c5dd5b}</UniqueIdentifier>
    </Filter>
    <Filter Include="HJ\Actor\Player">
      <UniqueIdentifier>{ec5688d3-6849-4f99-8014-ca29f2a43f9d}</UniqueIdentifier>
    </Filter>
    <Filter Include="HJ\Stage">
      <UniqueIdentifier>{efb07b32-9fe8-4680-b09b-fc5313e1daf5}</UniqueIdentifier>
    </Filter>
  </ItemGroup>
  <ItemGroup>
    <ClCompile Include="Console.cpp">
      <Filter>소스 파일</Filter>
    </ClCompile>
    <ClCompile Include="Player.cpp">
      <Filter>HJ\Actor\Player</Filter>
    </ClCompile>
    <ClCompile Include="Clone.cpp">
      <Filter>HJ\Actor\Clone</Filter>
    </ClCompile>
    <ClCompile Include="testHJMain.cpp">
      <Filter>HJ</Filter>
    </ClCompile>
    <ClCompile Include="Blocks.cpp">
      <Filter>SY\소스 파일</Filter>
    </ClCompile>
    <ClCompile Include="InGameScene.cpp">
      <Filter>SY\소스 파일</Filter>
    </ClCompile>
    <ClCompile Include="testSYMain.cpp">
      <Filter>SY\소스 파일</Filter>
    </ClCompile>
    <ClCompile Include="main.cpp">
      <Filter>소스 파일</Filter>
    </ClCompile>
    <ClCompile Include="Actor.cpp">
      <Filter>HJ\Actor</Filter>
    </ClCompile>
    <ClCompile Include="MoveData.cpp">
      <Filter>HJ</Filter>
    </ClCompile>
    <ClCompile Include="Dir.cpp">
      <Filter>소스 파일</Filter>
    </ClCompile>
    <ClCompile Include="TitleScene.cpp">
      <Filter>소스 파일</Filter>
    </ClCompile>
    <ClCompile Include="StageManager.cpp">
      <Filter>HJ\Stage</Filter>
    </ClCompile>
    <ClCompile Include="StageScene.cpp">
      <Filter>HJ\Stage</Filter>
    </ClCompile>
    <ClCompile Include="Game.cpp">
      <Filter>SY\소스 파일</Filter>
    </ClCompile>
    <ClCompile Include="GameState.cpp">
      <Filter>SY\소스 파일</Filter>
    </ClCompile>
    <ClCompile Include="SoundManager.cpp">
      <Filter>소스 파일</Filter>
    </ClCompile>
    <ClCompile Include="ReStartScene.cpp">
      <Filter>소스 파일</Filter>
    </ClCompile>
  </ItemGroup>
  <ItemGroup>
    <ClInclude Include="Console.h">
      <Filter>헤더 파일</Filter>
    </ClInclude>
    <ClInclude Include="Position.h">
      <Filter>헤더 파일</Filter>
    </ClInclude>
    <ClInclude Include="Color.h">
      <Filter>헤더 파일</Filter>
    </ClInclude>
    <ClInclude Include="Dir.h">
      <Filter>헤더 파일</Filter>
    </ClInclude>
    <ClInclude Include="Clone.h">
      <Filter>HJ\Actor\Clone</Filter>
    </ClInclude>
    <ClInclude Include="Player.h">
      <Filter>HJ\Actor\Player</Filter>
    </ClInclude>
    <ClInclude Include="Blocks.h">
      <Filter>SY\헤더 파일</Filter>
    </ClInclude>
    <ClInclude Include="InGameScene.h">
      <Filter>SY\헤더 파일</Filter>
    </ClInclude>
    <ClInclude Include="IMoveable.h">
      <Filter>HJ\Actor</Filter>
    </ClInclude>
    <ClInclude Include="Actor.h">
      <Filter>HJ\Actor</Filter>
    </ClInclude>
    <ClInclude Include="MoveData.h">
      <Filter>HJ</Filter>
    </ClInclude>
    <ClInclude Include="MoveDataRecord.h">
      <Filter>HJ</Filter>
    </ClInclude>
    <ClInclude Include="Defines.h">
      <Filter>헤더 파일</Filter>
    </ClInclude>
    <ClInclude Include="Enums.h">
      <Filter>헤더 파일</Filter>
    </ClInclude>
    <ClInclude Include="TitleScene.h">
      <Filter>헤더 파일</Filter>
    </ClInclude>
    <ClInclude Include="StageData.h">
      <Filter>HJ\Stage</Filter>
    </ClInclude>
    <ClInclude Include="StageManager.h">
      <Filter>HJ\Stage</Filter>
    </ClInclude>
    <ClInclude Include="StageScene.h">
      <Filter>HJ\Stage</Filter>
    </ClInclude>
    <ClInclude Include="Game.h">
      <Filter>SY\헤더 파일</Filter>
    </ClInclude>
    <ClInclude Include="GameState.h">
      <Filter>SY\헤더 파일</Filter>
    </ClInclude>
    <ClInclude Include="SoundManager.h">
      <Filter>헤더 파일</Filter>
    </ClInclude>
    <ClInclude Include="ReStartScene.h">
      <Filter>헤더 파일</Filter>
    </ClInclude>
  </ItemGroup>
</Project>